
Microsoft Visual Studio Solution File, Format Version 12.00
# Visual Studio Version 17
VisualStudioVersion = 17.3.32825.248
MinimumVisualStudioVersion = 10.0.40219.1
Project("{FAE04EC0-301F-11D3-BF4B-00C04F79EFBC}") = "TTEC.EMPOWER.API", "TTEC.EMPOWER.API\TTEC.EMPOWER.API.csproj", "{1A6B3C71-6E9D-4594-A362-6B4E09E7B618}"
EndProject
Project("{FAE04EC0-301F-11D3-BF4B-00C04F79EFBC}") = "TTEC.EMPOWER.Business", "TTEC.EMPOWER.Business\TTEC.EMPOWER.Business.csproj", "{BEA982DB-AC78-4DA2-94C2-E1D3AE2053B3}"
EndProject
Project("{FAE04EC0-301F-11D3-BF4B-00C04F79EFBC}") = "TTEC.EMPOWER.Common", "TTEC.EMPOWER.Common\TTEC.EMPOWER.Common.csproj", "{04E83517-F896-415F-8A1E-FF42CBDD2FF9}"
EndProject
Project("{FAE04EC0-301F-11D3-BF4B-00C04F79EFBC}") = "TTEC.EMPOWER.Data", "TTEC.EMPOWER.Data\TTEC.EMPOWER.Data.csproj", "{FC839233-C76B-40DC-8738-A0528BA9DF48}"
EndProject
Project("{FAE04EC0-301F-11D3-BF4B-00C04F79EFBC}") = "TTEC.EMPOWER.UnitTest", "TTEC.EMPOWER.UnitTest\TTEC.EMPOWER.UnitTest.csproj", "{7C576EC1-1EB6-46E7-9F6D-E4E3815F2616}"
EndProject
Global
	GlobalSection(SolutionConfigurationPlatforms) = preSolution
		Debug|Any CPU = Debug|Any CPU
		Release|Any CPU = Release|Any CPU
	EndGlobalSection
	GlobalSection(ProjectConfigurationPlatforms) = postSolution
		{1A6B3C71-6E9D-4594-A362-6B4E09E7B618}.Debug|Any CPU.ActiveCfg = Debug|Any CPU
		{1A6B3C71-6E9D-4594-A362-6B4E09E7B618}.Debug|Any CPU.Build.0 = Debug|Any CPU
		{1A6B3C71-6E9D-4594-A362-6B4E09E7B618}.Release|Any CPU.ActiveCfg = Release|Any CPU
		{1A6B3C71-6E9D-4594-A362-6B4E09E7B618}.Release|Any CPU.Build.0 = Release|Any CPU
		{BEA982DB-AC78-4DA2-94C2-E1D3AE2053B3}.Debug|Any CPU.ActiveCfg = Debug|Any CPU
		{BEA982DB-AC78-4DA2-94C2-E1D3AE2053B3}.Debug|Any CPU.Build.0 = Debug|Any CPU
		{BEA982DB-AC78-4DA2-94C2-E1D3AE2053B3}.Release|Any CPU.ActiveCfg = Release|Any CPU
		{BEA982DB-AC78-4DA2-94C2-E1D3AE2053B3}.Release|Any CPU.Build.0 = Release|Any CPU
		{04E83517-F896-415F-8A1E-FF42CBDD2FF9}.Debug|Any CPU.ActiveCfg = Debug|Any CPU
		{04E83517-F896-415F-8A1E-FF42CBDD2FF9}.Debug|Any CPU.Build.0 = Debug|Any CPU
		{04E83517-F896-415F-8A1E-FF42CBDD2FF9}.Release|Any CPU.ActiveCfg = Release|Any CPU
		{04E83517-F896-415F-8A1E-FF42CBDD2FF9}.Release|Any CPU.Build.0 = Release|Any CPU
		{FC839233-C76B-40DC-8738-A0528BA9DF48}.Debug|Any CPU.ActiveCfg = Debug|Any CPU
		{FC839233-C76B-40DC-8738-A0528BA9DF48}.Debug|Any CPU.Build.0 = Debug|Any CPU
		{FC839233-C76B-40DC-8738-A0528BA9DF48}.Release|Any CPU.ActiveCfg = Release|Any CPU
		{FC839233-C76B-40DC-8738-A0528BA9DF48}.Release|Any CPU.Build.0 = Release|Any CPU
		{7C576EC1-1EB6-46E7-9F6D-E4E3815F2616}.Debug|Any CPU.ActiveCfg = Debug|Any CPU
		{7C576EC1-1EB6-46E7-9F6D-E4E3815F2616}.Debug|Any CPU.Build.0 = Debug|Any CPU
		{7C576EC1-1EB6-46E7-9F6D-E4E3815F2616}.Release|Any CPU.ActiveCfg = Release|Any CPU
		{7C576EC1-1EB6-46E7-9F6D-E4E3815F2616}.Release|Any CPU.Build.0 = Release|Any CPU
	EndGlobalSection
	GlobalSection(SolutionProperties) = preSolution
		HideSolutionNode = FALSE
	EndGlobalSection
	GlobalSection(ExtensibilityGlobals) = postSolution
		SolutionGuid = {4C4661ED-D117-4267-9E14-6165652A4ADA}
	EndGlobalSection
EndGlobal
